
Microsoft Visual Studio Solution File, Format Version 12.00
# Visual Studio Version 16
VisualStudioVersion = 16.0.30709.132
MinimumVisualStudioVersion = 10.0.40219.1
Project("{9A19103F-16F7-4668-BE54-9A1E7A4F7556}") = "Hahn.ApplicatonProcess.December2020.Domain", "Hahn.ApplicatonProcess.December2020.Domain\Hahn.ApplicatonProcess.December2020.Domain.csproj", "{D52F2866-CCD4-4266-9FFA-9BE99C2CA14B}"
EndProject
Project("{9A19103F-16F7-4668-BE54-9A1E7A4F7556}") = "Hahn.ApplicatonProcess.December2020.Web", "Hahn.ApplicatonProcess.December2020.Web\Hahn.ApplicatonProcess.December2020.Web.csproj", "{3F12604D-045B-4827-8A19-5711D2AA02AE}"
EndProject
Project("{9A19103F-16F7-4668-BE54-9A1E7A4F7556}") = "Hahn.ApplicatonProcess.December2020.Data", "Hahn.ApplicatonProcess.December2020.Data\Hahn.ApplicatonProcess.December2020.Data.csproj", "{229EF5AF-0552-48EF-B56A-0A9940DCA0A7}"
EndProject
Project("{9092AA53-FB77-4645-B42D-1CCCA6BD08BD}") = "Hahn.ApplicatonProcess.December2020.WebApp", "Hahn.ApplicatonProcess.December2020.WebApp\Hahn.ApplicatonProcess.December2020.WebApp.njsproj", "{5291D439-7523-4B0E-8002-7291A634D40F}"
EndProject
Global
	GlobalSection(SolutionConfigurationPlatforms) = preSolution
		Debug|Any CPU = Debug|Any CPU
		Release|Any CPU = Release|Any CPU
	EndGlobalSection
	GlobalSection(ProjectConfigurationPlatforms) = postSolution
		{D52F2866-CCD4-4266-9FFA-9BE99C2CA14B}.Debug|Any CPU.ActiveCfg = Debug|Any CPU
		{D52F2866-CCD4-4266-9FFA-9BE99C2CA14B}.Debug|Any CPU.Build.0 = Debug|Any CPU
		{D52F2866-CCD4-4266-9FFA-9BE99C2CA14B}.Release|Any CPU.ActiveCfg = Release|Any CPU
		{D52F2866-CCD4-4266-9FFA-9BE99C2CA14B}.Release|Any CPU.Build.0 = Release|Any CPU
		{3F12604D-045B-4827-8A19-5711D2AA02AE}.Debug|Any CPU.ActiveCfg = Debug|Any CPU
		{3F12604D-045B-4827-8A19-5711D2AA02AE}.Debug|Any CPU.Build.0 = Debug|Any CPU
		{3F12604D-045B-4827-8A19-5711D2AA02AE}.Release|Any CPU.ActiveCfg = Release|Any CPU
		{3F12604D-045B-4827-8A19-5711D2AA02AE}.Release|Any CPU.Build.0 = Release|Any CPU
		{229EF5AF-0552-48EF-B56A-0A9940DCA0A7}.Debug|Any CPU.ActiveCfg = Debug|Any CPU
		{229EF5AF-0552-48EF-B56A-0A9940DCA0A7}.Debug|Any CPU.Build.0 = Debug|Any CPU
		{229EF5AF-0552-48EF-B56A-0A9940DCA0A7}.Release|Any CPU.ActiveCfg = Release|Any CPU
		{229EF5AF-0552-48EF-B56A-0A9940DCA0A7}.Release|Any CPU.Build.0 = Release|Any CPU
		{5291D439-7523-4B0E-8002-7291A634D40F}.Debug|Any CPU.ActiveCfg = Debug|Any CPU
		{5291D439-7523-4B0E-8002-7291A634D40F}.Debug|Any CPU.Build.0 = Debug|Any CPU
		{5291D439-7523-4B0E-8002-7291A634D40F}.Release|Any CPU.ActiveCfg = Release|Any CPU
		{5291D439-7523-4B0E-8002-7291A634D40F}.Release|Any CPU.Build.0 = Release|Any CPU
	EndGlobalSection
	GlobalSection(SolutionProperties) = preSolution
		HideSolutionNode = FALSE
	EndGlobalSection
	GlobalSection(ExtensibilityGlobals) = postSolution
		SolutionGuid = {C745D7EA-5BE5-4157-A3B2-4321BA39C422}
	EndGlobalSection
EndGlobal
